
Microsoft Visual Studio Solution File, Format Version 12.00
# Visual Studio Version 17
VisualStudioVersion = 17.11.35312.102
MinimumVisualStudioVersion = 10.0.40219.1
Project("{FAE04EC0-301F-11D3-BF4B-00C04F79EFBC}") = "JGAPI2", "JGAPI2.csproj", "{71FF8E3B-4059-4D07-80BD-3747A6AF1185}"
EndProject
Global
	GlobalSection(SolutionConfigurationPlatforms) = preSolution
		Debug|Any CPU = Debug|Any CPU
		Release|Any CPU = Release|Any CPU
	EndGlobalSection
	GlobalSection(ProjectConfigurationPlatforms) = postSolution
		{71FF8E3B-4059-4D07-80BD-3747A6AF1185}.Debug|Any CPU.ActiveCfg = Debug|Any CPU
		{71FF8E3B-4059-4D07-80BD-3747A6AF1185}.Debug|Any CPU.Build.0 = Debug|Any CPU
		{71FF8E3B-4059-4D07-80BD-3747A6AF1185}.Release|Any CPU.ActiveCfg = Release|Any CPU
		{71FF8E3B-4059-4D07-80BD-3747A6AF1185}.Release|Any CPU.Build.0 = Release|Any CPU
	EndGlobalSection
	GlobalSection(SolutionProperties) = preSolution
		HideSolutionNode = FALSE
	EndGlobalSection
	GlobalSection(ExtensibilityGlobals) = postSolution
		SolutionGuid = {4A37AC86-5C2C-48B5-8C7F-C6BF3273C026}
	EndGlobalSection
EndGlobal
